// !$*UTF8*$!
{
	archiveVersion = 1;
	classes = {
	};
	objectVersion = 46;
	objects = {

/* Begin PBXBuildFile section */
		C1FC4F8B13E946E6002D235B /* UIKit.framework in Frameworks */ = {isa = PBXBuildFile; fileRef = C1FC4F8A13E946E6002D235B /* UIKit.framework */; };
		C1FC4F8D13E946E6002D235B /* Foundation.framework in Frameworks */ = {isa = PBXBuildFile; fileRef = C1FC4F8C13E946E6002D235B /* Foundation.framework */; };
		C1FC4F8F13E946E6002D235B /* CoreGraphics.framework in Frameworks */ = {isa = PBXBuildFile; fileRef = C1FC4F8E13E946E6002D235B /* CoreGraphics.framework */; };
		C1FC4F9513E946E6002D235B /* InfoPlist.strings in Resources */ = {isa = PBXBuildFile; fileRef = C1FC4F9313E946E6002D235B /* InfoPlist.strings */; };
		C1FC4F9713E946E6002D235B /* main.m in Sources */ = {isa = PBXBuildFile; fileRef = C1FC4F9613E946E6002D235B /* main.m */; };
		C1FC4F9B13E946E6002D235B /* TableViewDemoAppDelegate.m in Sources */ = {isa = PBXBuildFile; fileRef = C1FC4F9A13E946E6002D235B /* TableViewDemoAppDelegate.m */; };
		C1FC4F9E13E946E6002D235B /* MainWindow.xib in Resources */ = {isa = PBXBuildFile; fileRef = C1FC4F9C13E946E6002D235B /* MainWindow.xib */; };
		C1FC4FA113E946E6002D235B /* TableViewDemoViewController.m in Sources */ = {isa = PBXBuildFile; fileRef = C1FC4FA013E946E6002D235B /* TableViewDemoViewController.m */; };
		C1FC4FA413E946E6002D235B /* TableViewDemoViewController.xib in Resources */ = {isa = PBXBuildFile; fileRef = C1FC4FA213E946E6002D235B /* TableViewDemoViewController.xib */; };
		C1FC4FAC13E94EB2002D235B /* rss.png in Resources */ = {isa = PBXBuildFile; fileRef = C1FC4FAB13E94EB2002D235B /* rss.png */; };
/* End PBXBuildFile section */

/* Begin PBXFileReference section */
		C1FC4F8613E946E6002D235B /* TableViewDemo.app */ = {isa = PBXFileReference; explicitFileType = wrapper.application; includeInIndex = 0; path = TableViewDemo.app; sourceTree = BUILT_PRODUCTS_DIR; };
		C1FC4F8A13E946E6002D235B /* UIKit.framework */ = {isa = PBXFileReference; lastKnownFileType = wrapper.framework; name = UIKit.framework; path = System/Library/Frameworks/UIKit.framework; sourceTree = SDKROOT; };
		C1FC4F8C13E946E6002D235B /* Foundation.framework */ = {isa = PBXFileReference; lastKnownFileType = wrapper.framework; name = Foundation.framework; path = System/Library/Frameworks/Foundation.framework; sourceTree = SDKROOT; };
		C1FC4F8E13E946E6002D235B /* CoreGraphics.framework */ = {isa = PBXFileReference; lastKnownFileType = wrapper.framework; name = CoreGraphics.framework; path = System/Library/Frameworks/CoreGraphics.framework; sourceTree = SDKROOT; };
		C1FC4F9213E946E6002D235B /* TableViewDemo-Info.plist */ = {isa = PBXFileReference; lastKnownFileType = text.plist.xml; path = "TableViewDemo-Info.plist"; sourceTree = "<group>"; };
		C1FC4F9413E946E6002D235B /* en */ = {isa = PBXFileReference; lastKnownFileType = text.plist.strings; name = en; path = en.lproj/InfoPlist.strings; sourceTree = "<group>"; };
		C1FC4F9613E946E6002D235B /* main.m */ = {isa = PBXFileReference; lastKnownFileType = sourcecode.c.objc; path = main.m; sourceTree = "<group>"; };
		C1FC4F9813E946E6002D235B /* TableViewDemo-Prefix.pch */ = {isa = PBXFileReference; lastKnownFileType = sourcecode.c.h; path = "TableViewDemo-Prefix.pch"; sourceTree = "<group>"; };
		C1FC4F9913E946E6002D235B /* TableViewDemoAppDelegate.h */ = {isa = PBXFileReference; lastKnownFileType = sourcecode.c.h; path = TableViewDemoAppDelegate.h; sourceTree = "<group>"; };
		C1FC4F9A13E946E6002D235B /* TableViewDemoAppDelegate.m */ = {isa = PBXFileReference; lastKnownFileType = sourcecode.c.objc; path = TableViewDemoAppDelegate.m; sourceTree = "<group>"; };
		C1FC4F9D13E946E6002D235B /* en */ = {isa = PBXFileReference; lastKnownFileType = file.xib; name = en; path = en.lproj/MainWindow.xib; sourceTree = "<group>"; };
		C1FC4F9F13E946E6002D235B /* TableViewDemoViewController.h */ = {isa = PBXFileReference; lastKnownFileType = sourcecode.c.h; path = TableViewDemoViewController.h; sourceTree = "<group>"; };
		C1FC4FA013E946E6002D235B /* TableViewDemoViewController.m */ = {isa = PBXFileReference; lastKnownFileType = sourcecode.c.objc; path = TableViewDemoViewController.m; sourceTree = "<group>"; };
		C1FC4FA313E946E6002D235B /* en */ = {isa = PBXFileReference; lastKnownFileType = file.xib; name = en; path = en.lproj/TableViewDemoViewController.xib; sourceTree = "<group>"; };
		C1FC4FAB13E94EB2002D235B /* rss.png */ = {isa = PBXFileReference; lastKnownFileType = image.png; name = rss.png; path = TableViewDemo/rss.png; sourceTree = "<group>"; };
/* End PBXFileReference section */

/* Begin PBXFrameworksBuildPhase section */
		C1FC4F8313E946E6002D235B /* Frameworks */ = {
			isa = PBXFrameworksBuildPhase;
			buildActionMask = 2147483647;
			files = (
				C1FC4F8B13E946E6002D235B /* UIKit.framework in Frameworks */,
				C1FC4F8D13E946E6002D235B /* Foundation.framework in Frameworks */,
				C1FC4F8F13E946E6002D235B /* CoreGraphics.framework in Frameworks */,
			);
			runOnlyForDeploymentPostprocessing = 0;
		};
/* End PBXFrameworksBuildPhase section */

/* Begin PBXGroup section */
		C1FC4F7B13E946E6002D235B = {
			isa = PBXGroup;
			children = (
				C1FC4FAA13E94E7D002D235B /* Resources */,
				C1FC4F9013E946E6002D235B /* TableViewDemo */,
				C1FC4F8913E946E6002D235B /* Frameworks */,
				C1FC4F8713E946E6002D235B /* Products */,
			);
			sourceTree = "<group>";
		};
		C1FC4F8713E946E6002D235B /* Products */ = {
			isa = PBXGroup;
			children = (
				C1FC4F8613E946E6002D235B /* TableViewDemo.app */,
			);
			name = Products;
			sourceTree = "<group>";
		};
		C1FC4F8913E946E6002D235B /* Frameworks */ = {
			isa = PBXGroup;
			children = (
				C1FC4F8A13E946E6002D235B /* UIKit.framework */,
				C1FC4F8C13E946E6002D235B /* Foundation.framework */,
				C1FC4F8E13E946E6002D235B /* CoreGraphics.framework */,
			);
			name = Frameworks;
			sourceTree = "<group>";
		};
		C1FC4F9013E946E6002D235B /* TableViewDemo */ = {
			isa = PBXGroup;
			children = (
				C1FC4F9913E946E6002D235B /* TableViewDemoAppDelegate.h */,
				C1FC4F9A13E946E6002D235B /* TableViewDemoAppDelegate.m */,
				C1FC4F9F13E946E6002D235B /* TableViewDemoViewController.h */,
				C1FC4FA013E946E6002D235B /* TableViewDemoViewController.m */,
				C1FC4F9113E946E6002D235B /* Supporting Files */,
			);
			path = TableViewDemo;
			sourceTree = "<group>";
		};
		C1FC4F9113E946E6002D235B /* Supporting Files */ = {
			isa = PBXGroup;
			children = (
				C1FC4F9213E946E6002D235B /* TableViewDemo-Info.plist */,
				C1FC4F9313E946E6002D235B /* InfoPlist.strings */,
				C1FC4F9613E946E6002D235B /* main.m */,
				C1FC4F9813E946E6002D235B /* TableViewDemo-Prefix.pch */,
			);
			name = "Supporting Files";
			sourceTree = "<group>";
		};
		C1FC4FAA13E94E7D002D235B /* Resources */ = {
			isa = PBXGroup;
			children = (
				C1FC4FAB13E94EB2002D235B /* rss.png */,
				C1FC4FA213E946E6002D235B /* TableViewDemoViewController.xib */,
				C1FC4F9C13E946E6002D235B /* MainWindow.xib */,
			);
			name = Resources;
			sourceTree = "<group>";
		};
/* End PBXGroup section */

/* Begin PBXNativeTarget section */
		C1FC4F8513E946E6002D235B /* TableViewDemo */ = {
			isa = PBXNativeTarget;
			buildConfigurationList = C1FC4FA713E946E6002D235B /* Build configuration list for PBXNativeTarget "TableViewDemo" */;
			buildPhases = (
				C1FC4F8213E946E6002D235B /* Sources */,
				C1FC4F8313E946E6002D235B /* Frameworks */,
				C1FC4F8413E946E6002D235B /* Resources */,
			);
			buildRules = (
			);
			dependencies = (
			);
			name = TableViewDemo;
			productName = TableViewDemo;
			productReference = C1FC4F8613E946E6002D235B /* TableViewDemo.app */;
			productType = "com.apple.product-type.application";
		};
/* End PBXNativeTarget section */

/* Begin PBXProject section */
		C1FC4F7D13E946E6002D235B /* Project object */ = {
			isa = PBXProject;
			attributes = {
				ORGANIZATIONNAME = "博客园";
			};
			buildConfigurationList = C1FC4F8013E946E6002D235B /* Build configuration list for PBXProject "TableViewDemo" */;
			compatibilityVersion = "Xcode 3.2";
			developmentRegion = English;
			hasScannedForEncodings = 0;
			knownRegions = (
				en,
			);
			mainGroup = C1FC4F7B13E946E6002D235B;
			productRefGroup = C1FC4F8713E946E6002D235B /* Products */;
			projectDirPath = "";
			projectRoot = "";
			targets = (
				C1FC4F8513E946E6002D235B /* TableViewDemo */,
			);
		};
/* End PBXProject section */

/* Begin PBXResourcesBuildPhase section */
		C1FC4F8413E946E6002D235B /* Resources */ = {
			isa = PBXResourcesBuildPhase;
			buildActionMask = 2147483647;
			files = (
				C1FC4F9513E946E6002D235B /* InfoPlist.strings in Resources */,
				C1FC4F9E13E946E6002D235B /* MainWindow.xib in Resources */,
				C1FC4FA413E946E6002D235B /* TableViewDemoViewController.xib in Resources */,
				C1FC4FAC13E94EB2002D235B /* rss.png in Resources */,
			);
			runOnlyForDeploymentPostprocessing = 0;
		};
/* End PBXResourcesBuildPhase section */

/* Begin PBXSourcesBuildPhase section */
		C1FC4F8213E946E6002D235B /* Sources */ = {
			isa = PBXSourcesBuildPhase;
			buildActionMask = 2147483647;
			files = (
				C1FC4F9713E946E6002D235B /* main.m in Sources */,
				C1FC4F9B13E946E6002D235B /* TableViewDemoAppDelegate.m in Sources */,
				C1FC4FA113E946E6002D235B /* TableViewDemoViewController.m in Sources */,
			);
			runOnlyForDeploymentPostprocessing = 0;
		};
/* End PBXSourcesBuildPhase section */

/* Begin PBXVariantGroup section */
		C1FC4F9313E946E6002D235B /* InfoPlist.strings */ = {
			isa = PBXVariantGroup;
			children = (
				C1FC4F9413E946E6002D235B /* en */,
			);
			name = InfoPlist.strings;
			sourceTree = "<group>";
		};
		C1FC4F9C13E946E6002D235B /* MainWindow.xib */ = {
			isa = PBXVariantGroup;
			children = (
				C1FC4F9D13E946E6002D235B /* en */,
			);
			name = MainWindow.xib;
			path = TableViewDemo;
			sourceTree = "<group>";
		};
		C1FC4FA213E946E6002D235B /* TableViewDemoViewController.xib */ = {
			isa = PBXVariantGroup;
			children = (
				C1FC4FA313E946E6002D235B /* en */,
			);
			name = TableViewDemoViewController.xib;
			path = TableViewDemo;
			sourceTree = "<group>";
		};
/* End PBXVariantGroup section */

/* Begin XCBuildConfiguration section */
		C1FC4FA513E946E6002D235B /* Debug */ = {
			isa = XCBuildConfiguration;
			buildSettings = {
				ALWAYS_SEARCH_USER_PATHS = NO;
				ARCHS = "$(ARCHS_STANDARD_32_BIT)";
				"CODE_SIGN_IDENTITY[sdk=iphoneos*]" = "iPhone Developer";
				COPY_PHASE_STRIP = NO;
				GCC_C_LANGUAGE_STANDARD = gnu99;
				GCC_DYNAMIC_NO_PIC = NO;
				GCC_OPTIMIZATION_LEVEL = 0;
				GCC_PREPROCESSOR_DEFINITIONS = (
					"DEBUG=1",
					"$(inherited)",
				);
				GCC_SYMBOLS_PRIVATE_EXTERN = NO;
				GCC_VERSION = com.apple.compilers.llvmgcc42;
				GCC_WARN_ABOUT_MISSING_PROTOTYPES = YES;
				GCC_WARN_ABOUT_RETURN_TYPE = YES;
				GCC_WARN_UNUSED_VARIABLE = YES;
				IPHONEOS_DEPLOYMENT_TARGET = 4.3;
				SDKROOT = iphoneos;
			};
			name = Debug;
		};
		C1FC4FA613E946E6002D235B /* Release */ = {
			isa = XCBuildConfiguration;
			buildSettings = {
				ALWAYS_SEARCH_USER_PATHS = NO;
				ARCHS = "$(ARCHS_STANDARD_32_BIT)";
				"CODE_SIGN_IDENTITY[sdk=iphoneos*]" = "iPhone Developer";
				COPY_PHASE_STRIP = YES;
				GCC_C_LANGUAGE_STANDARD = gnu99;
				GCC_VERSION = com.apple.compilers.llvmgcc42;
				GCC_WARN_ABOUT_MISSING_PROTOTYPES = YES;
				GCC_WARN_ABOUT_RETURN_TYPE = YES;
				GCC_WARN_UNUSED_VARIABLE = YES;
				IPHONEOS_DEPLOYMENT_TARGET = 4.3;
				OTHER_CFLAGS = "-DNS_BLOCK_ASSERTIONS=1";
				SDKROOT = iphoneos;
				VALIDATE_PRODUCT = YES;
			};
			name = Release;
		};
		C1FC4FA813E946E6002D235B /* Debug */ = {
			isa = XCBuildConfiguration;
			buildSettings = {
				GCC_PRECOMPILE_PREFIX_HEADER = YES;
				GCC_PREFIX_HEADER = "TableViewDemo/TableViewDemo-Prefix.pch";
				INFOPLIST_FILE = "TableViewDemo/TableViewDemo-Info.plist";
				PRODUCT_NAME = "$(TARGET_NAME)";
				WRAPPER_EXTENSION = app;
			};
			name = Debug;
		};
		C1FC4FA913E946E6002D235B /* Release */ = {
			isa = XCBuildConfiguration;
			buildSettings = {
				GCC_PRECOMPILE_PREFIX_HEADER = YES;
				GCC_PREFIX_HEADER = "TableViewDemo/TableViewDemo-Prefix.pch";
				INFOPLIST_FILE = "TableViewDemo/TableViewDemo-Info.plist";
				PRODUCT_NAME = "$(TARGET_NAME)";
				WRAPPER_EXTENSION = app;
			};
			name = Release;
		};
/* End XCBuildConfiguration section */

/* Begin XCConfigurationList section */
		C1FC4F8013E946E6002D235B /* Build configuration list for PBXProject "TableViewDemo" */ = {
			isa = XCConfigurationList;
			buildConfigurations = (
				C1FC4FA513E946E6002D235B /* Debug */,
				C1FC4FA613E946E6002D235B /* Release */,
			);
			defaultConfigurationIsVisible = 0;
			defaultConfigurationName = Release;
		};
		C1FC4FA713E946E6002D235B /* Build configuration list for PBXNativeTarget "TableViewDemo" */ = {
			isa = XCConfigurationList;
			buildConfigurations = (
				C1FC4FA813E946E6002D235B /* Debug */,
				C1FC4FA913E946E6002D235B /* Release */,
			);
			defaultConfigurationIsVisible = 0;
		};
/* End XCConfigurationList section */
	};
	rootObject = C1FC4F7D13E946E6002D235B /* Project object */;
}
