// !$*UTF8*$!
{
	archiveVersion = 1;
	classes = {
	};
	objectVersion = 46;
	objects = {

/* Begin PBXBuildFile section */
		1D3623260D0F684500981E51 /* CnblogsNews2AppDelegate.m in Sources */ = {isa = PBXBuildFile; fileRef = 1D3623250D0F684500981E51 /* CnblogsNews2AppDelegate.m */; };
		1D60589B0D05DD56006BFB54 /* main.m in Sources */ = {isa = PBXBuildFile; fileRef = 29B97316FDCFA39411CA2CEA /* main.m */; };
		1D60589F0D05DD5A006BFB54 /* Foundation.framework in Frameworks */ = {isa = PBXBuildFile; fileRef = 1D30AB110D05D00D00671497 /* Foundation.framework */; };
		1DF5F4E00D08C38300B7A737 /* UIKit.framework in Frameworks */ = {isa = PBXBuildFile; fileRef = 1DF5F4DF0D08C38300B7A737 /* UIKit.framework */; };
		288765FD0DF74451002DB57D /* CoreGraphics.framework in Frameworks */ = {isa = PBXBuildFile; fileRef = 288765FC0DF74451002DB57D /* CoreGraphics.framework */; };
		28AD733F0D9D9553002E5188 /* MainWindow.xib in Resources */ = {isa = PBXBuildFile; fileRef = 28AD733E0D9D9553002E5188 /* MainWindow.xib */; };
		C115B7A813E6B0F300A27549 /* NSDate+InternetDateTime.m in Sources */ = {isa = PBXBuildFile; fileRef = C115B7A713E6B0F300A27549 /* NSDate+InternetDateTime.m */; };
		C16A46D713D8117800F74769 /* Default.png in Resources */ = {isa = PBXBuildFile; fileRef = C16A46D613D8117800F74769 /* Default.png */; };
		C16A47D913D82CBF00F74769 /* GTMNSString+HTML.m in Sources */ = {isa = PBXBuildFile; fileRef = C16A47D813D82CBF00F74769 /* GTMNSString+HTML.m */; };
		C16BC9AF13CE952100818AA9 /* DetailViewController.m in Sources */ = {isa = PBXBuildFile; fileRef = C16BC9AD13CE952100818AA9 /* DetailViewController.m */; };
		C16BC9B013CE952100818AA9 /* DetailViewController.xib in Resources */ = {isa = PBXBuildFile; fileRef = C16BC9AE13CE952100818AA9 /* DetailViewController.xib */; };
		C16FE99E13D9299F00A1F65A /* NSString+HTML.m in Sources */ = {isa = PBXBuildFile; fileRef = C16FE99D13D9299F00A1F65A /* NSString+HTML.m */; };
		C179256213CD948B005C04B6 /* star.png in Resources */ = {isa = PBXBuildFile; fileRef = C179256113CD948B005C04B6 /* star.png */; };
		C17F42BC13CC968A008931D6 /* CXMLDocument_CreationExtensions.m in Sources */ = {isa = PBXBuildFile; fileRef = C17F42A113CC968A008931D6 /* CXMLDocument_CreationExtensions.m */; };
		C17F42BD13CC968A008931D6 /* CXMLNode_CreationExtensions.m in Sources */ = {isa = PBXBuildFile; fileRef = C17F42A313CC968A008931D6 /* CXMLNode_CreationExtensions.m */; };
		C17F42BE13CC968A008931D6 /* CXHTMLDocument.m in Sources */ = {isa = PBXBuildFile; fileRef = C17F42A513CC968A008931D6 /* CXHTMLDocument.m */; };
		C17F42BF13CC968A008931D6 /* CXMLDocument.m in Sources */ = {isa = PBXBuildFile; fileRef = C17F42A713CC968A008931D6 /* CXMLDocument.m */; };
		C17F42C013CC968A008931D6 /* CXMLDocument_PrivateExtensions.m in Sources */ = {isa = PBXBuildFile; fileRef = C17F42A913CC968A008931D6 /* CXMLDocument_PrivateExtensions.m */; };
		C17F42C113CC968A008931D6 /* CXMLElement.m in Sources */ = {isa = PBXBuildFile; fileRef = C17F42AB13CC968A008931D6 /* CXMLElement.m */; };
		C17F42C213CC968A008931D6 /* CXMLElement_CreationExtensions.m in Sources */ = {isa = PBXBuildFile; fileRef = C17F42AD13CC968A008931D6 /* CXMLElement_CreationExtensions.m */; };
		C17F42C313CC968A008931D6 /* CXMLElement_ElementTreeExtensions.m in Sources */ = {isa = PBXBuildFile; fileRef = C17F42AF13CC968A008931D6 /* CXMLElement_ElementTreeExtensions.m */; };
		C17F42C413CC968A008931D6 /* CXMLNamespaceNode.m in Sources */ = {isa = PBXBuildFile; fileRef = C17F42B113CC968A008931D6 /* CXMLNamespaceNode.m */; };
		C17F42C513CC968A008931D6 /* CXMLNode.m in Sources */ = {isa = PBXBuildFile; fileRef = C17F42B313CC968A008931D6 /* CXMLNode.m */; };
		C17F42C613CC968A008931D6 /* CXMLNode_PrivateExtensions.m in Sources */ = {isa = PBXBuildFile; fileRef = C17F42B513CC968A008931D6 /* CXMLNode_PrivateExtensions.m */; };
		C17F42C713CC968A008931D6 /* CXMLNode_XPathExtensions.m in Sources */ = {isa = PBXBuildFile; fileRef = C17F42B713CC968A008931D6 /* CXMLNode_XPathExtensions.m */; };
		C17F42C813CC968A008931D6 /* CTidy.m in Sources */ = {isa = PBXBuildFile; fileRef = C17F42BA13CC968A008931D6 /* CTidy.m */; };
		C19DBA7C13CC41EA00703521 /* NewsListViewController.m in Sources */ = {isa = PBXBuildFile; fileRef = C19DBA7A13CC41EA00703521 /* NewsListViewController.m */; };
		C19DBA7D13CC41EA00703521 /* NewsListViewController.xib in Resources */ = {isa = PBXBuildFile; fileRef = C19DBA7B13CC41EA00703521 /* NewsListViewController.xib */; };
		C19DBA8113CC420300703521 /* RecommendListViewController.m in Sources */ = {isa = PBXBuildFile; fileRef = C19DBA7F13CC420300703521 /* RecommendListViewController.m */; };
		C19DBA8213CC420300703521 /* RecommendListViewController.xib in Resources */ = {isa = PBXBuildFile; fileRef = C19DBA8013CC420300703521 /* RecommendListViewController.xib */; };
		C19DBA8613CC421500703521 /* CommentListViewController.m in Sources */ = {isa = PBXBuildFile; fileRef = C19DBA8413CC421500703521 /* CommentListViewController.m */; };
		C19DBA8713CC421500703521 /* CommentListViewController.xib in Resources */ = {isa = PBXBuildFile; fileRef = C19DBA8513CC421500703521 /* CommentListViewController.xib */; };
		C19DBA8B13CC422D00703521 /* AppSettingViewController.m in Sources */ = {isa = PBXBuildFile; fileRef = C19DBA8913CC422D00703521 /* AppSettingViewController.m */; };
		C19DBA8C13CC422D00703521 /* AppSettingViewController.xib in Resources */ = {isa = PBXBuildFile; fileRef = C19DBA8A13CC422D00703521 /* AppSettingViewController.xib */; };
		C19DBAA213CC437400703521 /* clockicon.png in Resources */ = {isa = PBXBuildFile; fileRef = C19DBA9D13CC437400703521 /* clockicon.png */; };
		C19DBAA313CC437400703521 /* dependenticon.png in Resources */ = {isa = PBXBuildFile; fileRef = C19DBA9E13CC437400703521 /* dependenticon.png */; };
		C19DBAA413CC437400703521 /* doubleicon.png in Resources */ = {isa = PBXBuildFile; fileRef = C19DBA9F13CC437400703521 /* doubleicon.png */; };
		C19DBAA513CC437400703521 /* singleicon.png in Resources */ = {isa = PBXBuildFile; fileRef = C19DBAA013CC437400703521 /* singleicon.png */; };
		C19DBAA613CC437400703521 /* toolicon.png in Resources */ = {isa = PBXBuildFile; fileRef = C19DBAA113CC437400703521 /* toolicon.png */; };
		C1D321D213D42DAA009870A8 /* dotted.gif in Resources */ = {isa = PBXBuildFile; fileRef = C1D321D113D42DAA009870A8 /* dotted.gif */; };
		C1EC303813DDCE1F00B81A03 /* line.gif in Resources */ = {isa = PBXBuildFile; fileRef = C1EC303713DDCE1F00B81A03 /* line.gif */; };
/* End PBXBuildFile section */

/* Begin PBXFileReference section */
		1D30AB110D05D00D00671497 /* Foundation.framework */ = {isa = PBXFileReference; lastKnownFileType = wrapper.framework; name = Foundation.framework; path = System/Library/Frameworks/Foundation.framework; sourceTree = SDKROOT; };
		1D3623240D0F684500981E51 /* CnblogsNews2AppDelegate.h */ = {isa = PBXFileReference; fileEncoding = 4; lastKnownFileType = sourcecode.c.h; path = CnblogsNews2AppDelegate.h; sourceTree = "<group>"; };
		1D3623250D0F684500981E51 /* CnblogsNews2AppDelegate.m */ = {isa = PBXFileReference; fileEncoding = 4; lastKnownFileType = sourcecode.c.objc; path = CnblogsNews2AppDelegate.m; sourceTree = "<group>"; };
		1D6058910D05DD3D006BFB54 /* CnblogsNews2.app */ = {isa = PBXFileReference; explicitFileType = wrapper.application; includeInIndex = 0; path = CnblogsNews2.app; sourceTree = BUILT_PRODUCTS_DIR; };
		1DF5F4DF0D08C38300B7A737 /* UIKit.framework */ = {isa = PBXFileReference; lastKnownFileType = wrapper.framework; name = UIKit.framework; path = System/Library/Frameworks/UIKit.framework; sourceTree = SDKROOT; };
		288765FC0DF74451002DB57D /* CoreGraphics.framework */ = {isa = PBXFileReference; lastKnownFileType = wrapper.framework; name = CoreGraphics.framework; path = System/Library/Frameworks/CoreGraphics.framework; sourceTree = SDKROOT; };
		28AD733E0D9D9553002E5188 /* MainWindow.xib */ = {isa = PBXFileReference; lastKnownFileType = file.xib; path = MainWindow.xib; sourceTree = "<group>"; };
		29B97316FDCFA39411CA2CEA /* main.m */ = {isa = PBXFileReference; fileEncoding = 4; lastKnownFileType = sourcecode.c.objc; path = main.m; sourceTree = "<group>"; };
		32CA4F630368D1EE00C91783 /* CnblogsNews2_Prefix.pch */ = {isa = PBXFileReference; fileEncoding = 4; lastKnownFileType = sourcecode.c.h; path = CnblogsNews2_Prefix.pch; sourceTree = "<group>"; };
		8D1107310486CEB800E47090 /* CnblogsNews2-Info.plist */ = {isa = PBXFileReference; fileEncoding = 4; lastKnownFileType = text.plist.xml; path = "CnblogsNews2-Info.plist"; plistStructureDefinitionIdentifier = "com.apple.xcode.plist.structure-definition.iphone.info-plist"; sourceTree = "<group>"; };
		C115B7A613E6B0F300A27549 /* NSDate+InternetDateTime.h */ = {isa = PBXFileReference; fileEncoding = 4; lastKnownFileType = sourcecode.c.h; path = "NSDate+InternetDateTime.h"; sourceTree = SOURCE_ROOT; };
		C115B7A713E6B0F300A27549 /* NSDate+InternetDateTime.m */ = {isa = PBXFileReference; fileEncoding = 4; lastKnownFileType = sourcecode.c.objc; path = "NSDate+InternetDateTime.m"; sourceTree = SOURCE_ROOT; };
		C16A46D613D8117800F74769 /* Default.png */ = {isa = PBXFileReference; lastKnownFileType = image.png; path = Default.png; sourceTree = "<group>"; };
		C16A47D613D82CBF00F74769 /* GTMDefines.h */ = {isa = PBXFileReference; fileEncoding = 4; lastKnownFileType = sourcecode.c.h; path = GTMDefines.h; sourceTree = "<group>"; };
		C16A47D713D82CBF00F74769 /* GTMNSString+HTML.h */ = {isa = PBXFileReference; fileEncoding = 4; lastKnownFileType = sourcecode.c.h; path = "GTMNSString+HTML.h"; sourceTree = "<group>"; };
		C16A47D813D82CBF00F74769 /* GTMNSString+HTML.m */ = {isa = PBXFileReference; fileEncoding = 4; lastKnownFileType = sourcecode.c.objc; path = "GTMNSString+HTML.m"; sourceTree = "<group>"; };
		C16BC9AC13CE952100818AA9 /* DetailViewController.h */ = {isa = PBXFileReference; fileEncoding = 4; lastKnownFileType = sourcecode.c.h; path = DetailViewController.h; sourceTree = "<group>"; };
		C16BC9AD13CE952100818AA9 /* DetailViewController.m */ = {isa = PBXFileReference; fileEncoding = 4; lastKnownFileType = sourcecode.c.objc; path = DetailViewController.m; sourceTree = "<group>"; };
		C16BC9AE13CE952100818AA9 /* DetailViewController.xib */ = {isa = PBXFileReference; lastKnownFileType = file.xib; name = DetailViewController.xib; path = Classes/DetailViewController.xib; sourceTree = "<group>"; };
		C16FE99C13D9299F00A1F65A /* NSString+HTML.h */ = {isa = PBXFileReference; fileEncoding = 4; lastKnownFileType = sourcecode.c.h; path = "NSString+HTML.h"; sourceTree = SOURCE_ROOT; };
		C16FE99D13D9299F00A1F65A /* NSString+HTML.m */ = {isa = PBXFileReference; fileEncoding = 4; lastKnownFileType = sourcecode.c.objc; path = "NSString+HTML.m"; sourceTree = SOURCE_ROOT; };
		C179256113CD948B005C04B6 /* star.png */ = {isa = PBXFileReference; lastKnownFileType = image.png; path = star.png; sourceTree = "<group>"; };
		C17F42A013CC968A008931D6 /* CXMLDocument_CreationExtensions.h */ = {isa = PBXFileReference; fileEncoding = 4; lastKnownFileType = sourcecode.c.h; path = CXMLDocument_CreationExtensions.h; sourceTree = "<group>"; };
		C17F42A113CC968A008931D6 /* CXMLDocument_CreationExtensions.m */ = {isa = PBXFileReference; fileEncoding = 4; lastKnownFileType = sourcecode.c.objc; path = CXMLDocument_CreationExtensions.m; sourceTree = "<group>"; };
		C17F42A213CC968A008931D6 /* CXMLNode_CreationExtensions.h */ = {isa = PBXFileReference; fileEncoding = 4; lastKnownFileType = sourcecode.c.h; path = CXMLNode_CreationExtensions.h; sourceTree = "<group>"; };
		C17F42A313CC968A008931D6 /* CXMLNode_CreationExtensions.m */ = {isa = PBXFileReference; fileEncoding = 4; lastKnownFileType = sourcecode.c.objc; path = CXMLNode_CreationExtensions.m; sourceTree = "<group>"; };
		C17F42A413CC968A008931D6 /* CXHTMLDocument.h */ = {isa = PBXFileReference; fileEncoding = 4; lastKnownFileType = sourcecode.c.h; path = CXHTMLDocument.h; sourceTree = "<group>"; };
		C17F42A513CC968A008931D6 /* CXHTMLDocument.m */ = {isa = PBXFileReference; fileEncoding = 4; lastKnownFileType = sourcecode.c.objc; path = CXHTMLDocument.m; sourceTree = "<group>"; };
		C17F42A613CC968A008931D6 /* CXMLDocument.h */ = {isa = PBXFileReference; fileEncoding = 4; lastKnownFileType = sourcecode.c.h; path = CXMLDocument.h; sourceTree = "<group>"; };
		C17F42A713CC968A008931D6 /* CXMLDocument.m */ = {isa = PBXFileReference; fileEncoding = 4; lastKnownFileType = sourcecode.c.objc; path = CXMLDocument.m; sourceTree = "<group>"; };
		C17F42A813CC968A008931D6 /* CXMLDocument_PrivateExtensions.h */ = {isa = PBXFileReference; fileEncoding = 4; lastKnownFileType = sourcecode.c.h; path = CXMLDocument_PrivateExtensions.h; sourceTree = "<group>"; };
		C17F42A913CC968A008931D6 /* CXMLDocument_PrivateExtensions.m */ = {isa = PBXFileReference; fileEncoding = 4; lastKnownFileType = sourcecode.c.objc; path = CXMLDocument_PrivateExtensions.m; sourceTree = "<group>"; };
		C17F42AA13CC968A008931D6 /* CXMLElement.h */ = {isa = PBXFileReference; fileEncoding = 4; lastKnownFileType = sourcecode.c.h; path = CXMLElement.h; sourceTree = "<group>"; };
		C17F42AB13CC968A008931D6 /* CXMLElement.m */ = {isa = PBXFileReference; fileEncoding = 4; lastKnownFileType = sourcecode.c.objc; path = CXMLElement.m; sourceTree = "<group>"; };
		C17F42AC13CC968A008931D6 /* CXMLElement_CreationExtensions.h */ = {isa = PBXFileReference; fileEncoding = 4; lastKnownFileType = sourcecode.c.h; path = CXMLElement_CreationExtensions.h; sourceTree = "<group>"; };
		C17F42AD13CC968A008931D6 /* CXMLElement_CreationExtensions.m */ = {isa = PBXFileReference; fileEncoding = 4; lastKnownFileType = sourcecode.c.objc; path = CXMLElement_CreationExtensions.m; sourceTree = "<group>"; };
		C17F42AE13CC968A008931D6 /* CXMLElement_ElementTreeExtensions.h */ = {isa = PBXFileReference; fileEncoding = 4; lastKnownFileType = sourcecode.c.h; path = CXMLElement_ElementTreeExtensions.h; sourceTree = "<group>"; };
		C17F42AF13CC968A008931D6 /* CXMLElement_ElementTreeExtensions.m */ = {isa = PBXFileReference; fileEncoding = 4; lastKnownFileType = sourcecode.c.objc; path = CXMLElement_ElementTreeExtensions.m; sourceTree = "<group>"; };
		C17F42B013CC968A008931D6 /* CXMLNamespaceNode.h */ = {isa = PBXFileReference; fileEncoding = 4; lastKnownFileType = sourcecode.c.h; path = CXMLNamespaceNode.h; sourceTree = "<group>"; };
		C17F42B113CC968A008931D6 /* CXMLNamespaceNode.m */ = {isa = PBXFileReference; fileEncoding = 4; lastKnownFileType = sourcecode.c.objc; path = CXMLNamespaceNode.m; sourceTree = "<group>"; };
		C17F42B213CC968A008931D6 /* CXMLNode.h */ = {isa = PBXFileReference; fileEncoding = 4; lastKnownFileType = sourcecode.c.h; path = CXMLNode.h; sourceTree = "<group>"; };
		C17F42B313CC968A008931D6 /* CXMLNode.m */ = {isa = PBXFileReference; fileEncoding = 4; lastKnownFileType = sourcecode.c.objc; path = CXMLNode.m; sourceTree = "<group>"; };
		C17F42B413CC968A008931D6 /* CXMLNode_PrivateExtensions.h */ = {isa = PBXFileReference; fileEncoding = 4; lastKnownFileType = sourcecode.c.h; path = CXMLNode_PrivateExtensions.h; sourceTree = "<group>"; };
		C17F42B513CC968A008931D6 /* CXMLNode_PrivateExtensions.m */ = {isa = PBXFileReference; fileEncoding = 4; lastKnownFileType = sourcecode.c.objc; path = CXMLNode_PrivateExtensions.m; sourceTree = "<group>"; };
		C17F42B613CC968A008931D6 /* CXMLNode_XPathExtensions.h */ = {isa = PBXFileReference; fileEncoding = 4; lastKnownFileType = sourcecode.c.h; path = CXMLNode_XPathExtensions.h; sourceTree = "<group>"; };
		C17F42B713CC968A008931D6 /* CXMLNode_XPathExtensions.m */ = {isa = PBXFileReference; fileEncoding = 4; lastKnownFileType = sourcecode.c.objc; path = CXMLNode_XPathExtensions.m; sourceTree = "<group>"; };
		C17F42B913CC968A008931D6 /* CTidy.h */ = {isa = PBXFileReference; fileEncoding = 4; lastKnownFileType = sourcecode.c.h; path = CTidy.h; sourceTree = "<group>"; };
		C17F42BA13CC968A008931D6 /* CTidy.m */ = {isa = PBXFileReference; fileEncoding = 4; lastKnownFileType = sourcecode.c.objc; path = CTidy.m; sourceTree = "<group>"; };
		C17F42BB13CC968A008931D6 /* TouchXML.h */ = {isa = PBXFileReference; fileEncoding = 4; lastKnownFileType = sourcecode.c.h; path = TouchXML.h; sourceTree = "<group>"; };
		C19DBA7913CC41EA00703521 /* NewsListViewController.h */ = {isa = PBXFileReference; fileEncoding = 4; lastKnownFileType = sourcecode.c.h; path = NewsListViewController.h; sourceTree = "<group>"; };
		C19DBA7A13CC41EA00703521 /* NewsListViewController.m */ = {isa = PBXFileReference; fileEncoding = 4; lastKnownFileType = sourcecode.c.objc; path = NewsListViewController.m; sourceTree = "<group>"; };
		C19DBA7B13CC41EA00703521 /* NewsListViewController.xib */ = {isa = PBXFileReference; lastKnownFileType = file.xib; name = NewsListViewController.xib; path = Classes/NewsListViewController.xib; sourceTree = "<group>"; };
		C19DBA7E13CC420300703521 /* RecommendListViewController.h */ = {isa = PBXFileReference; fileEncoding = 4; lastKnownFileType = sourcecode.c.h; path = RecommendListViewController.h; sourceTree = "<group>"; };
		C19DBA7F13CC420300703521 /* RecommendListViewController.m */ = {isa = PBXFileReference; fileEncoding = 4; lastKnownFileType = sourcecode.c.objc; path = RecommendListViewController.m; sourceTree = "<group>"; };
		C19DBA8013CC420300703521 /* RecommendListViewController.xib */ = {isa = PBXFileReference; lastKnownFileType = file.xib; name = RecommendListViewController.xib; path = Classes/RecommendListViewController.xib; sourceTree = "<group>"; };
		C19DBA8313CC421500703521 /* CommentListViewController.h */ = {isa = PBXFileReference; fileEncoding = 4; lastKnownFileType = sourcecode.c.h; path = CommentListViewController.h; sourceTree = "<group>"; };
		C19DBA8413CC421500703521 /* CommentListViewController.m */ = {isa = PBXFileReference; fileEncoding = 4; lastKnownFileType = sourcecode.c.objc; path = CommentListViewController.m; sourceTree = "<group>"; };
		C19DBA8513CC421500703521 /* CommentListViewController.xib */ = {isa = PBXFileReference; lastKnownFileType = file.xib; name = CommentListViewController.xib; path = Classes/CommentListViewController.xib; sourceTree = "<group>"; };
		C19DBA8813CC422D00703521 /* AppSettingViewController.h */ = {isa = PBXFileReference; fileEncoding = 4; lastKnownFileType = sourcecode.c.h; path = AppSettingViewController.h; sourceTree = "<group>"; };
		C19DBA8913CC422D00703521 /* AppSettingViewController.m */ = {isa = PBXFileReference; fileEncoding = 4; lastKnownFileType = sourcecode.c.objc; path = AppSettingViewController.m; sourceTree = "<group>"; };
		C19DBA8A13CC422D00703521 /* AppSettingViewController.xib */ = {isa = PBXFileReference; lastKnownFileType = file.xib; name = AppSettingViewController.xib; path = Classes/AppSettingViewController.xib; sourceTree = "<group>"; };
		C19DBA9D13CC437400703521 /* clockicon.png */ = {isa = PBXFileReference; lastKnownFileType = image.png; path = clockicon.png; sourceTree = "<group>"; };
		C19DBA9E13CC437400703521 /* dependenticon.png */ = {isa = PBXFileReference; lastKnownFileType = image.png; path = dependenticon.png; sourceTree = "<group>"; };
		C19DBA9F13CC437400703521 /* doubleicon.png */ = {isa = PBXFileReference; lastKnownFileType = image.png; path = doubleicon.png; sourceTree = "<group>"; };
		C19DBAA013CC437400703521 /* singleicon.png */ = {isa = PBXFileReference; lastKnownFileType = image.png; path = singleicon.png; sourceTree = "<group>"; };
		C19DBAA113CC437400703521 /* toolicon.png */ = {isa = PBXFileReference; lastKnownFileType = image.png; path = toolicon.png; sourceTree = "<group>"; };
		C1D321D113D42DAA009870A8 /* dotted.gif */ = {isa = PBXFileReference; lastKnownFileType = image.gif; path = dotted.gif; sourceTree = "<group>"; };
		C1EC303713DDCE1F00B81A03 /* line.gif */ = {isa = PBXFileReference; lastKnownFileType = image.gif; path = line.gif; sourceTree = "<group>"; };
/* End PBXFileReference section */

/* Begin PBXFrameworksBuildPhase section */
		1D60588F0D05DD3D006BFB54 /* Frameworks */ = {
			isa = PBXFrameworksBuildPhase;
			buildActionMask = 2147483647;
			files = (
				1D60589F0D05DD5A006BFB54 /* Foundation.framework in Frameworks */,
				1DF5F4E00D08C38300B7A737 /* UIKit.framework in Frameworks */,
				288765FD0DF74451002DB57D /* CoreGraphics.framework in Frameworks */,
			);
			runOnlyForDeploymentPostprocessing = 0;
		};
/* End PBXFrameworksBuildPhase section */

/* Begin PBXGroup section */
		080E96DDFE201D6D7F000001 /* Classes */ = {
			isa = PBXGroup;
			children = (
				C115B7A613E6B0F300A27549 /* NSDate+InternetDateTime.h */,
				C115B7A713E6B0F300A27549 /* NSDate+InternetDateTime.m */,
				C16FE99C13D9299F00A1F65A /* NSString+HTML.h */,
				C16FE99D13D9299F00A1F65A /* NSString+HTML.m */,
				C16A47D513D82CBF00F74769 /* Google Toolbox for Mac */,
				C17F429E13CC968A008931D6 /* TouchXML */,
				C19DBA6E13CC410B00703521 /* ViewControllers */,
				1D3623240D0F684500981E51 /* CnblogsNews2AppDelegate.h */,
				1D3623250D0F684500981E51 /* CnblogsNews2AppDelegate.m */,
			);
			path = Classes;
			sourceTree = "<group>";
		};
		19C28FACFE9D520D11CA2CBB /* Products */ = {
			isa = PBXGroup;
			children = (
				1D6058910D05DD3D006BFB54 /* CnblogsNews2.app */,
			);
			name = Products;
			sourceTree = "<group>";
		};
		29B97314FDCFA39411CA2CEA /* CustomTemplate */ = {
			isa = PBXGroup;
			children = (
				080E96DDFE201D6D7F000001 /* Classes */,
				29B97315FDCFA39411CA2CEA /* Other Sources */,
				29B97317FDCFA39411CA2CEA /* Resources */,
				29B97323FDCFA39411CA2CEA /* Frameworks */,
				19C28FACFE9D520D11CA2CBB /* Products */,
			);
			name = CustomTemplate;
			sourceTree = "<group>";
		};
		29B97315FDCFA39411CA2CEA /* Other Sources */ = {
			isa = PBXGroup;
			children = (
				32CA4F630368D1EE00C91783 /* CnblogsNews2_Prefix.pch */,
				29B97316FDCFA39411CA2CEA /* main.m */,
			);
			name = "Other Sources";
			sourceTree = "<group>";
		};
		29B97317FDCFA39411CA2CEA /* Resources */ = {
			isa = PBXGroup;
			children = (
				C1EC303713DDCE1F00B81A03 /* line.gif */,
				C16A46D313D810F800F74769 /* images */,
				C1D321D113D42DAA009870A8 /* dotted.gif */,
				C179256113CD948B005C04B6 /* star.png */,
				C19DBA9C13CC437400703521 /* Tab Bar Icons */,
				28AD733E0D9D9553002E5188 /* MainWindow.xib */,
				C19DBA7B13CC41EA00703521 /* NewsListViewController.xib */,
				C16BC9AE13CE952100818AA9 /* DetailViewController.xib */,
				C19DBA8013CC420300703521 /* RecommendListViewController.xib */,
				C19DBA8513CC421500703521 /* CommentListViewController.xib */,
				C19DBA8A13CC422D00703521 /* AppSettingViewController.xib */,
				8D1107310486CEB800E47090 /* CnblogsNews2-Info.plist */,
			);
			name = Resources;
			sourceTree = "<group>";
		};
		29B97323FDCFA39411CA2CEA /* Frameworks */ = {
			isa = PBXGroup;
			children = (
				1DF5F4DF0D08C38300B7A737 /* UIKit.framework */,
				1D30AB110D05D00D00671497 /* Foundation.framework */,
				288765FC0DF74451002DB57D /* CoreGraphics.framework */,
			);
			name = Frameworks;
			sourceTree = "<group>";
		};
		C16A46D313D810F800F74769 /* images */ = {
			isa = PBXGroup;
			children = (
				C16A46D613D8117800F74769 /* Default.png */,
			);
			name = images;
			sourceTree = "<group>";
		};
		C16A47D513D82CBF00F74769 /* Google Toolbox for Mac */ = {
			isa = PBXGroup;
			children = (
				C16A47D613D82CBF00F74769 /* GTMDefines.h */,
				C16A47D713D82CBF00F74769 /* GTMNSString+HTML.h */,
				C16A47D813D82CBF00F74769 /* GTMNSString+HTML.m */,
			);
			path = "Google Toolbox for Mac";
			sourceTree = SOURCE_ROOT;
		};
		C17F429E13CC968A008931D6 /* TouchXML */ = {
			isa = PBXGroup;
			children = (
				C17F429F13CC968A008931D6 /* Creation */,
				C17F42A413CC968A008931D6 /* CXHTMLDocument.h */,
				C17F42A513CC968A008931D6 /* CXHTMLDocument.m */,
				C17F42A613CC968A008931D6 /* CXMLDocument.h */,
				C17F42A713CC968A008931D6 /* CXMLDocument.m */,
				C17F42A813CC968A008931D6 /* CXMLDocument_PrivateExtensions.h */,
				C17F42A913CC968A008931D6 /* CXMLDocument_PrivateExtensions.m */,
				C17F42AA13CC968A008931D6 /* CXMLElement.h */,
				C17F42AB13CC968A008931D6 /* CXMLElement.m */,
				C17F42AC13CC968A008931D6 /* CXMLElement_CreationExtensions.h */,
				C17F42AD13CC968A008931D6 /* CXMLElement_CreationExtensions.m */,
				C17F42AE13CC968A008931D6 /* CXMLElement_ElementTreeExtensions.h */,
				C17F42AF13CC968A008931D6 /* CXMLElement_ElementTreeExtensions.m */,
				C17F42B013CC968A008931D6 /* CXMLNamespaceNode.h */,
				C17F42B113CC968A008931D6 /* CXMLNamespaceNode.m */,
				C17F42B213CC968A008931D6 /* CXMLNode.h */,
				C17F42B313CC968A008931D6 /* CXMLNode.m */,
				C17F42B413CC968A008931D6 /* CXMLNode_PrivateExtensions.h */,
				C17F42B513CC968A008931D6 /* CXMLNode_PrivateExtensions.m */,
				C17F42B613CC968A008931D6 /* CXMLNode_XPathExtensions.h */,
				C17F42B713CC968A008931D6 /* CXMLNode_XPathExtensions.m */,
				C17F42B813CC968A008931D6 /* Tidy */,
				C17F42BB13CC968A008931D6 /* TouchXML.h */,
			);
			path = TouchXML;
			sourceTree = SOURCE_ROOT;
		};
		C17F429F13CC968A008931D6 /* Creation */ = {
			isa = PBXGroup;
			children = (
				C17F42A013CC968A008931D6 /* CXMLDocument_CreationExtensions.h */,
				C17F42A113CC968A008931D6 /* CXMLDocument_CreationExtensions.m */,
				C17F42A213CC968A008931D6 /* CXMLNode_CreationExtensions.h */,
				C17F42A313CC968A008931D6 /* CXMLNode_CreationExtensions.m */,
			);
			path = Creation;
			sourceTree = "<group>";
		};
		C17F42B813CC968A008931D6 /* Tidy */ = {
			isa = PBXGroup;
			children = (
				C17F42B913CC968A008931D6 /* CTidy.h */,
				C17F42BA13CC968A008931D6 /* CTidy.m */,
			);
			path = Tidy;
			sourceTree = "<group>";
		};
		C19DBA6E13CC410B00703521 /* ViewControllers */ = {
			isa = PBXGroup;
			children = (
				C19DBA7913CC41EA00703521 /* NewsListViewController.h */,
				C19DBA7A13CC41EA00703521 /* NewsListViewController.m */,
				C19DBA7E13CC420300703521 /* RecommendListViewController.h */,
				C19DBA7F13CC420300703521 /* RecommendListViewController.m */,
				C19DBA8313CC421500703521 /* CommentListViewController.h */,
				C19DBA8413CC421500703521 /* CommentListViewController.m */,
				C19DBA8813CC422D00703521 /* AppSettingViewController.h */,
				C19DBA8913CC422D00703521 /* AppSettingViewController.m */,
				C16BC9AC13CE952100818AA9 /* DetailViewController.h */,
				C16BC9AD13CE952100818AA9 /* DetailViewController.m */,
			);
			name = ViewControllers;
			sourceTree = "<group>";
		};
		C19DBA9C13CC437400703521 /* Tab Bar Icons */ = {
			isa = PBXGroup;
			children = (
				C19DBA9D13CC437400703521 /* clockicon.png */,
				C19DBA9E13CC437400703521 /* dependenticon.png */,
				C19DBA9F13CC437400703521 /* doubleicon.png */,
				C19DBAA013CC437400703521 /* singleicon.png */,
				C19DBAA113CC437400703521 /* toolicon.png */,
			);
			path = "Tab Bar Icons";
			sourceTree = "<group>";
		};
/* End PBXGroup section */

/* Begin PBXNativeTarget section */
		1D6058900D05DD3D006BFB54 /* CnblogsNews2 */ = {
			isa = PBXNativeTarget;
			buildConfigurationList = 1D6058960D05DD3E006BFB54 /* Build configuration list for PBXNativeTarget "CnblogsNews2" */;
			buildPhases = (
				1D60588D0D05DD3D006BFB54 /* Resources */,
				1D60588E0D05DD3D006BFB54 /* Sources */,
				1D60588F0D05DD3D006BFB54 /* Frameworks */,
			);
			buildRules = (
			);
			dependencies = (
			);
			name = CnblogsNews2;
			productName = CnblogsNews2;
			productReference = 1D6058910D05DD3D006BFB54 /* CnblogsNews2.app */;
			productType = "com.apple.product-type.application";
		};
/* End PBXNativeTarget section */

/* Begin PBXProject section */
		29B97313FDCFA39411CA2CEA /* Project object */ = {
			isa = PBXProject;
			attributes = {
				LastUpgradeCheck = 0410;
			};
			buildConfigurationList = C01FCF4E08A954540054247B /* Build configuration list for PBXProject "CnblogsNews2" */;
			compatibilityVersion = "Xcode 3.2";
			developmentRegion = English;
			hasScannedForEncodings = 1;
			knownRegions = (
				English,
				Japanese,
				French,
				German,
			);
			mainGroup = 29B97314FDCFA39411CA2CEA /* CustomTemplate */;
			projectDirPath = "";
			projectRoot = "";
			targets = (
				1D6058900D05DD3D006BFB54 /* CnblogsNews2 */,
			);
		};
/* End PBXProject section */

/* Begin PBXResourcesBuildPhase section */
		1D60588D0D05DD3D006BFB54 /* Resources */ = {
			isa = PBXResourcesBuildPhase;
			buildActionMask = 2147483647;
			files = (
				28AD733F0D9D9553002E5188 /* MainWindow.xib in Resources */,
				C19DBA7D13CC41EA00703521 /* NewsListViewController.xib in Resources */,
				C19DBA8213CC420300703521 /* RecommendListViewController.xib in Resources */,
				C19DBA8713CC421500703521 /* CommentListViewController.xib in Resources */,
				C19DBA8C13CC422D00703521 /* AppSettingViewController.xib in Resources */,
				C19DBAA213CC437400703521 /* clockicon.png in Resources */,
				C19DBAA313CC437400703521 /* dependenticon.png in Resources */,
				C19DBAA413CC437400703521 /* doubleicon.png in Resources */,
				C19DBAA513CC437400703521 /* singleicon.png in Resources */,
				C19DBAA613CC437400703521 /* toolicon.png in Resources */,
				C179256213CD948B005C04B6 /* star.png in Resources */,
				C16BC9B013CE952100818AA9 /* DetailViewController.xib in Resources */,
				C1D321D213D42DAA009870A8 /* dotted.gif in Resources */,
				C16A46D713D8117800F74769 /* Default.png in Resources */,
				C1EC303813DDCE1F00B81A03 /* line.gif in Resources */,
			);
			runOnlyForDeploymentPostprocessing = 0;
		};
/* End PBXResourcesBuildPhase section */

/* Begin PBXSourcesBuildPhase section */
		1D60588E0D05DD3D006BFB54 /* Sources */ = {
			isa = PBXSourcesBuildPhase;
			buildActionMask = 2147483647;
			files = (
				1D60589B0D05DD56006BFB54 /* main.m in Sources */,
				1D3623260D0F684500981E51 /* CnblogsNews2AppDelegate.m in Sources */,
				C19DBA7C13CC41EA00703521 /* NewsListViewController.m in Sources */,
				C19DBA8113CC420300703521 /* RecommendListViewController.m in Sources */,
				C19DBA8613CC421500703521 /* CommentListViewController.m in Sources */,
				C19DBA8B13CC422D00703521 /* AppSettingViewController.m in Sources */,
				C17F42BC13CC968A008931D6 /* CXMLDocument_CreationExtensions.m in Sources */,
				C17F42BD13CC968A008931D6 /* CXMLNode_CreationExtensions.m in Sources */,
				C17F42BE13CC968A008931D6 /* CXHTMLDocument.m in Sources */,
				C17F42BF13CC968A008931D6 /* CXMLDocument.m in Sources */,
				C17F42C013CC968A008931D6 /* CXMLDocument_PrivateExtensions.m in Sources */,
				C17F42C113CC968A008931D6 /* CXMLElement.m in Sources */,
				C17F42C213CC968A008931D6 /* CXMLElement_CreationExtensions.m in Sources */,
				C17F42C313CC968A008931D6 /* CXMLElement_ElementTreeExtensions.m in Sources */,
				C17F42C413CC968A008931D6 /* CXMLNamespaceNode.m in Sources */,
				C17F42C513CC968A008931D6 /* CXMLNode.m in Sources */,
				C17F42C613CC968A008931D6 /* CXMLNode_PrivateExtensions.m in Sources */,
				C17F42C713CC968A008931D6 /* CXMLNode_XPathExtensions.m in Sources */,
				C17F42C813CC968A008931D6 /* CTidy.m in Sources */,
				C16BC9AF13CE952100818AA9 /* DetailViewController.m in Sources */,
				C16A47D913D82CBF00F74769 /* GTMNSString+HTML.m in Sources */,
				C16FE99E13D9299F00A1F65A /* NSString+HTML.m in Sources */,
				C115B7A813E6B0F300A27549 /* NSDate+InternetDateTime.m in Sources */,
			);
			runOnlyForDeploymentPostprocessing = 0;
		};
/* End PBXSourcesBuildPhase section */

/* Begin XCBuildConfiguration section */
		1D6058940D05DD3E006BFB54 /* Debug */ = {
			isa = XCBuildConfiguration;
			buildSettings = {
				ALWAYS_SEARCH_USER_PATHS = NO;
				COPY_PHASE_STRIP = NO;
				GCC_DYNAMIC_NO_PIC = NO;
				GCC_OPTIMIZATION_LEVEL = 0;
				GCC_PRECOMPILE_PREFIX_HEADER = YES;
				GCC_PREFIX_HEADER = CnblogsNews2_Prefix.pch;
				GCC_VERSION = com.apple.compilers.llvmgcc42;
				INFOPLIST_FILE = "CnblogsNews2-Info.plist";
				PRODUCT_NAME = CnblogsNews2;
			};
			name = Debug;
		};
		1D6058950D05DD3E006BFB54 /* Release */ = {
			isa = XCBuildConfiguration;
			buildSettings = {
				ALWAYS_SEARCH_USER_PATHS = NO;
				COPY_PHASE_STRIP = YES;
				GCC_PRECOMPILE_PREFIX_HEADER = YES;
				GCC_PREFIX_HEADER = CnblogsNews2_Prefix.pch;
				GCC_VERSION = com.apple.compilers.llvmgcc42;
				INFOPLIST_FILE = "CnblogsNews2-Info.plist";
				PRODUCT_NAME = CnblogsNews2;
				VALIDATE_PRODUCT = YES;
			};
			name = Release;
		};
		C01FCF4F08A954540054247B /* Debug */ = {
			isa = XCBuildConfiguration;
			buildSettings = {
				ARCHS = "$(ARCHS_STANDARD_32_BIT)";
				"CODE_SIGN_IDENTITY[sdk=iphoneos*]" = "iPhone Developer";
				GCC_C_LANGUAGE_STANDARD = c99;
				GCC_WARN_ABOUT_RETURN_TYPE = YES;
				GCC_WARN_UNUSED_VARIABLE = YES;
				HEADER_SEARCH_PATHS = /usr/include/libxml2;
				ONLY_ACTIVE_ARCH = YES;
				OTHER_LDFLAGS = "-lxml2";
				SDKROOT = iphoneos;
			};
			name = Debug;
		};
		C01FCF5008A954540054247B /* Release */ = {
			isa = XCBuildConfiguration;
			buildSettings = {
				ARCHS = "$(ARCHS_STANDARD_32_BIT)";
				"CODE_SIGN_IDENTITY[sdk=iphoneos*]" = "iPhone Developer";
				GCC_C_LANGUAGE_STANDARD = c99;
				GCC_WARN_ABOUT_RETURN_TYPE = YES;
				GCC_WARN_UNUSED_VARIABLE = YES;
				ONLY_ACTIVE_ARCH = YES;
				OTHER_CFLAGS = "-DNS_BLOCK_ASSERTIONS=1";
				SDKROOT = iphoneos;
			};
			name = Release;
		};
/* End XCBuildConfiguration section */

/* Begin XCConfigurationList section */
		1D6058960D05DD3E006BFB54 /* Build configuration list for PBXNativeTarget "CnblogsNews2" */ = {
			isa = XCConfigurationList;
			buildConfigurations = (
				1D6058940D05DD3E006BFB54 /* Debug */,
				1D6058950D05DD3E006BFB54 /* Release */,
			);
			defaultConfigurationIsVisible = 0;
			defaultConfigurationName = Release;
		};
		C01FCF4E08A954540054247B /* Build configuration list for PBXProject "CnblogsNews2" */ = {
			isa = XCConfigurationList;
			buildConfigurations = (
				C01FCF4F08A954540054247B /* Debug */,
				C01FCF5008A954540054247B /* Release */,
			);
			defaultConfigurationIsVisible = 0;
			defaultConfigurationName = Release;
		};
/* End XCConfigurationList section */
	};
	rootObject = 29B97313FDCFA39411CA2CEA /* Project object */;
}
