// !$*UTF8*$!
{
	archiveVersion = 1;
	classes = {
	};
	objectVersion = 46;
	objects = {

/* Begin PBXBuildFile section */
		C11E5EC713EA7DF300EDC474 /* MovieDetailViewController.m in Sources */ = {isa = PBXBuildFile; fileRef = C11E5EC513EA7DF300EDC474 /* MovieDetailViewController.m */; };
		C11E5EC813EA7DF300EDC474 /* MovieDetailViewController.xib in Resources */ = {isa = PBXBuildFile; fileRef = C11E5EC613EA7DF300EDC474 /* MovieDetailViewController.xib */; };
		C1336FAE13E989D0004C66BE /* UIKit.framework in Frameworks */ = {isa = PBXBuildFile; fileRef = C1336FAD13E989D0004C66BE /* UIKit.framework */; };
		C1336FB013E989D0004C66BE /* Foundation.framework in Frameworks */ = {isa = PBXBuildFile; fileRef = C1336FAF13E989D0004C66BE /* Foundation.framework */; };
		C1336FB213E989D0004C66BE /* CoreGraphics.framework in Frameworks */ = {isa = PBXBuildFile; fileRef = C1336FB113E989D0004C66BE /* CoreGraphics.framework */; };
		C1336FB813E989D0004C66BE /* InfoPlist.strings in Resources */ = {isa = PBXBuildFile; fileRef = C1336FB613E989D0004C66BE /* InfoPlist.strings */; };
		C1336FBA13E989D0004C66BE /* main.m in Sources */ = {isa = PBXBuildFile; fileRef = C1336FB913E989D0004C66BE /* main.m */; };
		C1336FBE13E989D0004C66BE /* SectionTableAppDelegate.m in Sources */ = {isa = PBXBuildFile; fileRef = C1336FBD13E989D0004C66BE /* SectionTableAppDelegate.m */; };
		C1336FC113E989D0004C66BE /* MainWindow.xib in Resources */ = {isa = PBXBuildFile; fileRef = C1336FBF13E989D0004C66BE /* MainWindow.xib */; };
		C1336FC413E989D0004C66BE /* RootViewController.m in Sources */ = {isa = PBXBuildFile; fileRef = C1336FC313E989D0004C66BE /* RootViewController.m */; };
		C1336FC713E989D0004C66BE /* RootViewController.xib in Resources */ = {isa = PBXBuildFile; fileRef = C1336FC513E989D0004C66BE /* RootViewController.xib */; };
		C1336FD113E98F30004C66BE /* Movies.plist in Resources */ = {isa = PBXBuildFile; fileRef = C1336FD013E98F30004C66BE /* Movies.plist */; };
/* End PBXBuildFile section */

/* Begin PBXFileReference section */
		C11E5EC413EA7DF300EDC474 /* MovieDetailViewController.h */ = {isa = PBXFileReference; fileEncoding = 4; lastKnownFileType = sourcecode.c.h; path = MovieDetailViewController.h; sourceTree = "<group>"; };
		C11E5EC513EA7DF300EDC474 /* MovieDetailViewController.m */ = {isa = PBXFileReference; fileEncoding = 4; lastKnownFileType = sourcecode.c.objc; path = MovieDetailViewController.m; sourceTree = "<group>"; };
		C11E5EC613EA7DF300EDC474 /* MovieDetailViewController.xib */ = {isa = PBXFileReference; fileEncoding = 4; lastKnownFileType = file.xib; name = MovieDetailViewController.xib; path = SectionTable/MovieDetailViewController.xib; sourceTree = "<group>"; };
		C1336FA913E989D0004C66BE /* SectionTable.app */ = {isa = PBXFileReference; explicitFileType = wrapper.application; includeInIndex = 0; path = SectionTable.app; sourceTree = BUILT_PRODUCTS_DIR; };
		C1336FAD13E989D0004C66BE /* UIKit.framework */ = {isa = PBXFileReference; lastKnownFileType = wrapper.framework; name = UIKit.framework; path = System/Library/Frameworks/UIKit.framework; sourceTree = SDKROOT; };
		C1336FAF13E989D0004C66BE /* Foundation.framework */ = {isa = PBXFileReference; lastKnownFileType = wrapper.framework; name = Foundation.framework; path = System/Library/Frameworks/Foundation.framework; sourceTree = SDKROOT; };
		C1336FB113E989D0004C66BE /* CoreGraphics.framework */ = {isa = PBXFileReference; lastKnownFileType = wrapper.framework; name = CoreGraphics.framework; path = System/Library/Frameworks/CoreGraphics.framework; sourceTree = SDKROOT; };
		C1336FB513E989D0004C66BE /* SectionTable-Info.plist */ = {isa = PBXFileReference; lastKnownFileType = text.plist.xml; path = "SectionTable-Info.plist"; sourceTree = "<group>"; };
		C1336FB713E989D0004C66BE /* en */ = {isa = PBXFileReference; lastKnownFileType = text.plist.strings; name = en; path = en.lproj/InfoPlist.strings; sourceTree = "<group>"; };
		C1336FB913E989D0004C66BE /* main.m */ = {isa = PBXFileReference; lastKnownFileType = sourcecode.c.objc; path = main.m; sourceTree = "<group>"; };
		C1336FBB13E989D0004C66BE /* SectionTable-Prefix.pch */ = {isa = PBXFileReference; lastKnownFileType = sourcecode.c.h; path = "SectionTable-Prefix.pch"; sourceTree = "<group>"; };
		C1336FBC13E989D0004C66BE /* SectionTableAppDelegate.h */ = {isa = PBXFileReference; lastKnownFileType = sourcecode.c.h; path = SectionTableAppDelegate.h; sourceTree = "<group>"; };
		C1336FBD13E989D0004C66BE /* SectionTableAppDelegate.m */ = {isa = PBXFileReference; lastKnownFileType = sourcecode.c.objc; path = SectionTableAppDelegate.m; sourceTree = "<group>"; };
		C1336FC013E989D0004C66BE /* en */ = {isa = PBXFileReference; lastKnownFileType = file.xib; name = en; path = en.lproj/MainWindow.xib; sourceTree = "<group>"; };
		C1336FC213E989D0004C66BE /* RootViewController.h */ = {isa = PBXFileReference; lastKnownFileType = sourcecode.c.h; path = RootViewController.h; sourceTree = "<group>"; };
		C1336FC313E989D0004C66BE /* RootViewController.m */ = {isa = PBXFileReference; lastKnownFileType = sourcecode.c.objc; path = RootViewController.m; sourceTree = "<group>"; };
		C1336FC613E989D0004C66BE /* en */ = {isa = PBXFileReference; lastKnownFileType = file.xib; name = en; path = en.lproj/RootViewController.xib; sourceTree = "<group>"; };
		C1336FD013E98F30004C66BE /* Movies.plist */ = {isa = PBXFileReference; fileEncoding = 4; lastKnownFileType = text.plist.xml; name = Movies.plist; path = SectionTable/Movies.plist; sourceTree = "<group>"; };
/* End PBXFileReference section */

/* Begin PBXFrameworksBuildPhase section */
		C1336FA613E989D0004C66BE /* Frameworks */ = {
			isa = PBXFrameworksBuildPhase;
			buildActionMask = 2147483647;
			files = (
				C1336FAE13E989D0004C66BE /* UIKit.framework in Frameworks */,
				C1336FB013E989D0004C66BE /* Foundation.framework in Frameworks */,
				C1336FB213E989D0004C66BE /* CoreGraphics.framework in Frameworks */,
			);
			runOnlyForDeploymentPostprocessing = 0;
		};
/* End PBXFrameworksBuildPhase section */

/* Begin PBXGroup section */
		C1336F9E13E989D0004C66BE = {
			isa = PBXGroup;
			children = (
				C1336FCD13E98A91004C66BE /* Resources */,
				C1336FB313E989D0004C66BE /* SectionTable */,
				C1336FAC13E989D0004C66BE /* Frameworks */,
				C1336FAA13E989D0004C66BE /* Products */,
			);
			sourceTree = "<group>";
		};
		C1336FAA13E989D0004C66BE /* Products */ = {
			isa = PBXGroup;
			children = (
				C1336FA913E989D0004C66BE /* SectionTable.app */,
			);
			name = Products;
			sourceTree = "<group>";
		};
		C1336FAC13E989D0004C66BE /* Frameworks */ = {
			isa = PBXGroup;
			children = (
				C1336FAD13E989D0004C66BE /* UIKit.framework */,
				C1336FAF13E989D0004C66BE /* Foundation.framework */,
				C1336FB113E989D0004C66BE /* CoreGraphics.framework */,
			);
			name = Frameworks;
			sourceTree = "<group>";
		};
		C1336FB313E989D0004C66BE /* SectionTable */ = {
			isa = PBXGroup;
			children = (
				C1336FBC13E989D0004C66BE /* SectionTableAppDelegate.h */,
				C1336FBD13E989D0004C66BE /* SectionTableAppDelegate.m */,
				C1336FC213E989D0004C66BE /* RootViewController.h */,
				C1336FC313E989D0004C66BE /* RootViewController.m */,
				C11E5EC413EA7DF300EDC474 /* MovieDetailViewController.h */,
				C11E5EC513EA7DF300EDC474 /* MovieDetailViewController.m */,
				C1336FB413E989D0004C66BE /* Supporting Files */,
			);
			path = SectionTable;
			sourceTree = "<group>";
		};
		C1336FB413E989D0004C66BE /* Supporting Files */ = {
			isa = PBXGroup;
			children = (
				C1336FB513E989D0004C66BE /* SectionTable-Info.plist */,
				C1336FB613E989D0004C66BE /* InfoPlist.strings */,
				C1336FB913E989D0004C66BE /* main.m */,
				C1336FBB13E989D0004C66BE /* SectionTable-Prefix.pch */,
			);
			name = "Supporting Files";
			sourceTree = "<group>";
		};
		C1336FCD13E98A91004C66BE /* Resources */ = {
			isa = PBXGroup;
			children = (
				C11E5EC613EA7DF300EDC474 /* MovieDetailViewController.xib */,
				C1336FD013E98F30004C66BE /* Movies.plist */,
				C1336FC513E989D0004C66BE /* RootViewController.xib */,
				C1336FBF13E989D0004C66BE /* MainWindow.xib */,
			);
			name = Resources;
			sourceTree = "<group>";
		};
/* End PBXGroup section */

/* Begin PBXNativeTarget section */
		C1336FA813E989D0004C66BE /* SectionTable */ = {
			isa = PBXNativeTarget;
			buildConfigurationList = C1336FCA13E989D0004C66BE /* Build configuration list for PBXNativeTarget "SectionTable" */;
			buildPhases = (
				C1336FA513E989D0004C66BE /* Sources */,
				C1336FA613E989D0004C66BE /* Frameworks */,
				C1336FA713E989D0004C66BE /* Resources */,
			);
			buildRules = (
			);
			dependencies = (
			);
			name = SectionTable;
			productName = SectionTable;
			productReference = C1336FA913E989D0004C66BE /* SectionTable.app */;
			productType = "com.apple.product-type.application";
		};
/* End PBXNativeTarget section */

/* Begin PBXProject section */
		C1336FA013E989D0004C66BE /* Project object */ = {
			isa = PBXProject;
			attributes = {
				ORGANIZATIONNAME = "博客园";
			};
			buildConfigurationList = C1336FA313E989D0004C66BE /* Build configuration list for PBXProject "SectionTable" */;
			compatibilityVersion = "Xcode 3.2";
			developmentRegion = English;
			hasScannedForEncodings = 0;
			knownRegions = (
				en,
			);
			mainGroup = C1336F9E13E989D0004C66BE;
			productRefGroup = C1336FAA13E989D0004C66BE /* Products */;
			projectDirPath = "";
			projectRoot = "";
			targets = (
				C1336FA813E989D0004C66BE /* SectionTable */,
			);
		};
/* End PBXProject section */

/* Begin PBXResourcesBuildPhase section */
		C1336FA713E989D0004C66BE /* Resources */ = {
			isa = PBXResourcesBuildPhase;
			buildActionMask = 2147483647;
			files = (
				C1336FB813E989D0004C66BE /* InfoPlist.strings in Resources */,
				C1336FC113E989D0004C66BE /* MainWindow.xib in Resources */,
				C1336FC713E989D0004C66BE /* RootViewController.xib in Resources */,
				C1336FD113E98F30004C66BE /* Movies.plist in Resources */,
				C11E5EC813EA7DF300EDC474 /* MovieDetailViewController.xib in Resources */,
			);
			runOnlyForDeploymentPostprocessing = 0;
		};
/* End PBXResourcesBuildPhase section */

/* Begin PBXSourcesBuildPhase section */
		C1336FA513E989D0004C66BE /* Sources */ = {
			isa = PBXSourcesBuildPhase;
			buildActionMask = 2147483647;
			files = (
				C1336FBA13E989D0004C66BE /* main.m in Sources */,
				C1336FBE13E989D0004C66BE /* SectionTableAppDelegate.m in Sources */,
				C1336FC413E989D0004C66BE /* RootViewController.m in Sources */,
				C11E5EC713EA7DF300EDC474 /* MovieDetailViewController.m in Sources */,
			);
			runOnlyForDeploymentPostprocessing = 0;
		};
/* End PBXSourcesBuildPhase section */

/* Begin PBXVariantGroup section */
		C1336FB613E989D0004C66BE /* InfoPlist.strings */ = {
			isa = PBXVariantGroup;
			children = (
				C1336FB713E989D0004C66BE /* en */,
			);
			name = InfoPlist.strings;
			sourceTree = "<group>";
		};
		C1336FBF13E989D0004C66BE /* MainWindow.xib */ = {
			isa = PBXVariantGroup;
			children = (
				C1336FC013E989D0004C66BE /* en */,
			);
			name = MainWindow.xib;
			path = SectionTable;
			sourceTree = "<group>";
		};
		C1336FC513E989D0004C66BE /* RootViewController.xib */ = {
			isa = PBXVariantGroup;
			children = (
				C1336FC613E989D0004C66BE /* en */,
			);
			name = RootViewController.xib;
			path = SectionTable;
			sourceTree = "<group>";
		};
/* End PBXVariantGroup section */

/* Begin XCBuildConfiguration section */
		C1336FC813E989D0004C66BE /* Debug */ = {
			isa = XCBuildConfiguration;
			buildSettings = {
				ALWAYS_SEARCH_USER_PATHS = NO;
				ARCHS = "$(ARCHS_STANDARD_32_BIT)";
				"CODE_SIGN_IDENTITY[sdk=iphoneos*]" = "iPhone Developer";
				COPY_PHASE_STRIP = NO;
				GCC_C_LANGUAGE_STANDARD = gnu99;
				GCC_DYNAMIC_NO_PIC = NO;
				GCC_OPTIMIZATION_LEVEL = 0;
				GCC_PREPROCESSOR_DEFINITIONS = (
					"DEBUG=1",
					"$(inherited)",
				);
				GCC_SYMBOLS_PRIVATE_EXTERN = NO;
				GCC_VERSION = com.apple.compilers.llvmgcc42;
				GCC_WARN_ABOUT_MISSING_PROTOTYPES = YES;
				GCC_WARN_ABOUT_RETURN_TYPE = YES;
				GCC_WARN_UNUSED_VARIABLE = YES;
				IPHONEOS_DEPLOYMENT_TARGET = 4.3;
				SDKROOT = iphoneos;
			};
			name = Debug;
		};
		C1336FC913E989D0004C66BE /* Release */ = {
			isa = XCBuildConfiguration;
			buildSettings = {
				ALWAYS_SEARCH_USER_PATHS = NO;
				ARCHS = "$(ARCHS_STANDARD_32_BIT)";
				"CODE_SIGN_IDENTITY[sdk=iphoneos*]" = "iPhone Developer";
				COPY_PHASE_STRIP = YES;
				GCC_C_LANGUAGE_STANDARD = gnu99;
				GCC_VERSION = com.apple.compilers.llvmgcc42;
				GCC_WARN_ABOUT_MISSING_PROTOTYPES = YES;
				GCC_WARN_ABOUT_RETURN_TYPE = YES;
				GCC_WARN_UNUSED_VARIABLE = YES;
				IPHONEOS_DEPLOYMENT_TARGET = 4.3;
				OTHER_CFLAGS = "-DNS_BLOCK_ASSERTIONS=1";
				SDKROOT = iphoneos;
				VALIDATE_PRODUCT = YES;
			};
			name = Release;
		};
		C1336FCB13E989D0004C66BE /* Debug */ = {
			isa = XCBuildConfiguration;
			buildSettings = {
				GCC_PRECOMPILE_PREFIX_HEADER = YES;
				GCC_PREFIX_HEADER = "SectionTable/SectionTable-Prefix.pch";
				INFOPLIST_FILE = "SectionTable/SectionTable-Info.plist";
				PRODUCT_NAME = "$(TARGET_NAME)";
				WRAPPER_EXTENSION = app;
			};
			name = Debug;
		};
		C1336FCC13E989D0004C66BE /* Release */ = {
			isa = XCBuildConfiguration;
			buildSettings = {
				GCC_PRECOMPILE_PREFIX_HEADER = YES;
				GCC_PREFIX_HEADER = "SectionTable/SectionTable-Prefix.pch";
				INFOPLIST_FILE = "SectionTable/SectionTable-Info.plist";
				PRODUCT_NAME = "$(TARGET_NAME)";
				WRAPPER_EXTENSION = app;
			};
			name = Release;
		};
/* End XCBuildConfiguration section */

/* Begin XCConfigurationList section */
		C1336FA313E989D0004C66BE /* Build configuration list for PBXProject "SectionTable" */ = {
			isa = XCConfigurationList;
			buildConfigurations = (
				C1336FC813E989D0004C66BE /* Debug */,
				C1336FC913E989D0004C66BE /* Release */,
			);
			defaultConfigurationIsVisible = 0;
			defaultConfigurationName = Release;
		};
		C1336FCA13E989D0004C66BE /* Build configuration list for PBXNativeTarget "SectionTable" */ = {
			isa = XCConfigurationList;
			buildConfigurations = (
				C1336FCB13E989D0004C66BE /* Debug */,
				C1336FCC13E989D0004C66BE /* Release */,
			);
			defaultConfigurationIsVisible = 0;
			defaultConfigurationName = Release;
		};
/* End XCConfigurationList section */
	};
	rootObject = C1336FA013E989D0004C66BE /* Project object */;
}
